
Microsoft Visual Studio Solution File, Format Version 12.00
# Visual Studio Version 16
VisualStudioVersion = 16.0.29920.165
MinimumVisualStudioVersion = 10.0.40219.1
Project("{9A19103F-16F7-4668-BE54-9A1E7A4F7556}") = "ServerlessAwsSdkChangeLogAPI.UnitTests", "ServerlessAwsSdkChangeLogAPI.UnitTests\ServerlessAwsSdkChangeLogAPI.UnitTests.csproj", "{1C86D8EE-69A4-42E2-95AE-52FA70B68306}"
EndProject
Project("{FAE04EC0-301F-11D3-BF4B-00C04F79EFBC}") = "ServerlessAwsSdkChangeLogAPI.Web", "ServerlessAwsSdkChangeLogAPI.Web\ServerlessAwsSdkChangeLogAPI.Web.csproj", "{1DC2820F-0415-4F7B-935F-020D781DD9C7}"
EndProject
Project("{FAE04EC0-301F-11D3-BF4B-00C04F79EFBC}") = "ServerlessAwsSdkChangeLogAPI.Common", "ServerlessAwsSdkChangeLogAPI.Common\ServerlessAwsSdkChangeLogAPI.Common.csproj", "{C67B71F9-154D-4A71-9F3F-A26930F3ED4D}"
EndProject
Global
	GlobalSection(SolutionConfigurationPlatforms) = preSolution
		Debug|Any CPU = Debug|Any CPU
		Debug|x86 = Debug|x86
		Release|Any CPU = Release|Any CPU
		Release|x86 = Release|x86
	EndGlobalSection
	GlobalSection(ProjectConfigurationPlatforms) = postSolution
		{1C86D8EE-69A4-42E2-95AE-52FA70B68306}.Debug|Any CPU.ActiveCfg = Debug|Any CPU
		{1C86D8EE-69A4-42E2-95AE-52FA70B68306}.Debug|Any CPU.Build.0 = Debug|Any CPU
		{1C86D8EE-69A4-42E2-95AE-52FA70B68306}.Debug|x86.ActiveCfg = Debug|Any CPU
		{1C86D8EE-69A4-42E2-95AE-52FA70B68306}.Debug|x86.Build.0 = Debug|Any CPU
		{1C86D8EE-69A4-42E2-95AE-52FA70B68306}.Release|Any CPU.ActiveCfg = Release|Any CPU
		{1C86D8EE-69A4-42E2-95AE-52FA70B68306}.Release|Any CPU.Build.0 = Release|Any CPU
		{1C86D8EE-69A4-42E2-95AE-52FA70B68306}.Release|x86.ActiveCfg = Release|Any CPU
		{1C86D8EE-69A4-42E2-95AE-52FA70B68306}.Release|x86.Build.0 = Release|Any CPU
		{1DC2820F-0415-4F7B-935F-020D781DD9C7}.Debug|Any CPU.ActiveCfg = Debug|Any CPU
		{1DC2820F-0415-4F7B-935F-020D781DD9C7}.Debug|Any CPU.Build.0 = Debug|Any CPU
		{1DC2820F-0415-4F7B-935F-020D781DD9C7}.Debug|x86.ActiveCfg = Debug|Any CPU
		{1DC2820F-0415-4F7B-935F-020D781DD9C7}.Debug|x86.Build.0 = Debug|Any CPU
		{1DC2820F-0415-4F7B-935F-020D781DD9C7}.Release|Any CPU.ActiveCfg = Release|Any CPU
		{1DC2820F-0415-4F7B-935F-020D781DD9C7}.Release|Any CPU.Build.0 = Release|Any CPU
		{1DC2820F-0415-4F7B-935F-020D781DD9C7}.Release|x86.ActiveCfg = Release|Any CPU
		{1DC2820F-0415-4F7B-935F-020D781DD9C7}.Release|x86.Build.0 = Release|Any CPU
		{C67B71F9-154D-4A71-9F3F-A26930F3ED4D}.Debug|Any CPU.ActiveCfg = Debug|Any CPU
		{C67B71F9-154D-4A71-9F3F-A26930F3ED4D}.Debug|Any CPU.Build.0 = Debug|Any CPU
		{C67B71F9-154D-4A71-9F3F-A26930F3ED4D}.Debug|x86.ActiveCfg = Debug|Any CPU
		{C67B71F9-154D-4A71-9F3F-A26930F3ED4D}.Debug|x86.Build.0 = Debug|Any CPU
		{C67B71F9-154D-4A71-9F3F-A26930F3ED4D}.Release|Any CPU.ActiveCfg = Release|Any CPU
		{C67B71F9-154D-4A71-9F3F-A26930F3ED4D}.Release|Any CPU.Build.0 = Release|Any CPU
		{C67B71F9-154D-4A71-9F3F-A26930F3ED4D}.Release|x86.ActiveCfg = Release|Any CPU
		{C67B71F9-154D-4A71-9F3F-A26930F3ED4D}.Release|x86.Build.0 = Release|Any CPU
	EndGlobalSection
	GlobalSection(SolutionProperties) = preSolution
		HideSolutionNode = FALSE
	EndGlobalSection
	GlobalSection(ExtensibilityGlobals) = postSolution
		SolutionGuid = {DA593DC5-6B98-4F71-9BEB-1315031FE0D8}
	EndGlobalSection
EndGlobal
